
Microsoft Visual Studio Solution File, Format Version 12.00
# Visual Studio Version 17
VisualStudioVersion = 17.11.35327.3
MinimumVisualStudioVersion = 10.0.40219.1
Project("{FAE04EC0-301F-11D3-BF4B-00C04F79EFBC}") = "Traffic_Light", "Traffic_Light\Traffic_Light.csproj", "{8D1B0352-8E98-446C-ABDE-1C204718CE5D}"
EndProject
Global
	GlobalSection(SolutionConfigurationPlatforms) = preSolution
		Debug|Any CPU = Debug|Any CPU
		Release|Any CPU = Release|Any CPU
	EndGlobalSection
	GlobalSection(ProjectConfigurationPlatforms) = postSolution
		{8D1B0352-8E98-446C-ABDE-1C204718CE5D}.Debug|Any CPU.ActiveCfg = Debug|Any CPU
		{8D1B0352-8E98-446C-ABDE-1C204718CE5D}.Debug|Any CPU.Build.0 = Debug|Any CPU
		{8D1B0352-8E98-446C-ABDE-1C204718CE5D}.Release|Any CPU.ActiveCfg = Release|Any CPU
		{8D1B0352-8E98-446C-ABDE-1C204718CE5D}.Release|Any CPU.Build.0 = Release|Any CPU
	EndGlobalSection
	GlobalSection(SolutionProperties) = preSolution
		HideSolutionNode = FALSE
	EndGlobalSection
	GlobalSection(ExtensibilityGlobals) = postSolution
		SolutionGuid = {723762FA-9309-4F54-A78A-E102672E6225}
	EndGlobalSection
EndGlobal
